
Microsoft Visual Studio Solution File, Format Version 12.00
# Visual Studio Version 16
VisualStudioVersion = 16.0.30503.244
MinimumVisualStudioVersion = 10.0.40219.1
Project("{9A19103F-16F7-4668-BE54-9A1E7A4F7556}") = "WebProjem", "WebProjem\WebProjem.csproj", "{0493D779-B4BB-4646-95FB-BCAAB3313F8A}"
EndProject
Global
	GlobalSection(SolutionConfigurationPlatforms) = preSolution
		Debug|Any CPU = Debug|Any CPU
		Release|Any CPU = Release|Any CPU
	EndGlobalSection
	GlobalSection(ProjectConfigurationPlatforms) = postSolution
		{0493D779-B4BB-4646-95FB-BCAAB3313F8A}.Debug|Any CPU.ActiveCfg = Debug|Any CPU
		{0493D779-B4BB-4646-95FB-BCAAB3313F8A}.Debug|Any CPU.Build.0 = Debug|Any CPU
		{0493D779-B4BB-4646-95FB-BCAAB3313F8A}.Release|Any CPU.ActiveCfg = Release|Any CPU
		{0493D779-B4BB-4646-95FB-BCAAB3313F8A}.Release|Any CPU.Build.0 = Release|Any CPU
	EndGlobalSection
	GlobalSection(SolutionProperties) = preSolution
		HideSolutionNode = FALSE
	EndGlobalSection
	GlobalSection(ExtensibilityGlobals) = postSolution
		SolutionGuid = {8012F49A-6172-4418-ADAF-6CA2B4D85A63}
	EndGlobalSection
EndGlobal
